// !$*UTF8*$!
{
	archiveVersion = 1;
	classes = {
	};
	objectVersion = 51;
	objects = {

/* Begin PBXBuildFile section */
		479537B8266374ED007C3B38 /* AppDelegate.m in Sources */ = {isa = PBXBuildFile; fileRef = 479537B7266374ED007C3B38 /* AppDelegate.m */; };
		479537BB266374ED007C3B38 /* SceneDelegate.m in Sources */ = {isa = PBXBuildFile; fileRef = 479537BA266374ED007C3B38 /* SceneDelegate.m */; };
		479537BE266374ED007C3B38 /* ViewController.m in Sources */ = {isa = PBXBuildFile; fileRef = 479537BD266374ED007C3B38 /* ViewController.m */; };
		479537C1266374ED007C3B38 /* Main.storyboard in Resources */ = {isa = PBXBuildFile; fileRef = 479537BF266374ED007C3B38 /* Main.storyboard */; };
		479537C3266374EE007C3B38 /* Assets.xcassets in Resources */ = {isa = PBXBuildFile; fileRef = 479537C2266374EE007C3B38 /* Assets.xcassets */; };
		479537C6266374EE007C3B38 /* LaunchScreen.storyboard in Resources */ = {isa = PBXBuildFile; fileRef = 479537C4266374EE007C3B38 /* LaunchScreen.storyboard */; };
		479537C9266374EE007C3B38 /* main.m in Sources */ = {isa = PBXBuildFile; fileRef = 479537C8266374EE007C3B38 /* main.m */; };
		6972D2D04E4D8EE6CE7A9DC2 /* Pods_Buggy.framework in Frameworks */ = {isa = PBXBuildFile; fileRef = 3B4E6AEC9BDF4368E4CF0E90 /* Pods_Buggy.framework */; };
/* End PBXBuildFile section */

/* Begin PBXFileReference section */
		3B4E6AEC9BDF4368E4CF0E90 /* Pods_Buggy.framework */ = {isa = PBXFileReference; explicitFileType = wrapper.framework; includeInIndex = 0; path = Pods_Buggy.framework; sourceTree = BUILT_PRODUCTS_DIR; };
		479537B3266374ED007C3B38 /* Buggy.app */ = {isa = PBXFileReference; explicitFileType = wrapper.application; includeInIndex = 0; path = Buggy.app; sourceTree = BUILT_PRODUCTS_DIR; };
		479537B6266374ED007C3B38 /* AppDelegate.h */ = {isa = PBXFileReference; lastKnownFileType = sourcecode.c.h; path = AppDelegate.h; sourceTree = "<group>"; };
		479537B7266374ED007C3B38 /* AppDelegate.m */ = {isa = PBXFileReference; lastKnownFileType = sourcecode.c.objc; path = AppDelegate.m; sourceTree = "<group>"; };
		479537B9266374ED007C3B38 /* SceneDelegate.h */ = {isa = PBXFileReference; lastKnownFileType = sourcecode.c.h; path = SceneDelegate.h; sourceTree = "<group>"; };
		479537BA266374ED007C3B38 /* SceneDelegate.m */ = {isa = PBXFileReference; lastKnownFileType = sourcecode.c.objc; path = SceneDelegate.m; sourceTree = "<group>"; };
		479537BC266374ED007C3B38 /* ViewController.h */ = {isa = PBXFileReference; lastKnownFileType = sourcecode.c.h; path = ViewController.h; sourceTree = "<group>"; };
		479537BD266374ED007C3B38 /* ViewController.m */ = {isa = PBXFileReference; lastKnownFileType = sourcecode.c.objc; path = ViewController.m; sourceTree = "<group>"; };
		479537C0266374ED007C3B38 /* Base */ = {isa = PBXFileReference; lastKnownFileType = file.storyboard; name = Base; path = Base.lproj/Main.storyboard; sourceTree = "<group>"; };
		479537C2266374EE007C3B38 /* Assets.xcassets */ = {isa = PBXFileReference; lastKnownFileType = folder.assetcatalog; path = Assets.xcassets; sourceTree = "<group>"; };
		479537C5266374EE007C3B38 /* Base */ = {isa = PBXFileReference; lastKnownFileType = file.storyboard; name = Base; path = Base.lproj/LaunchScreen.storyboard; sourceTree = "<group>"; };
		479537C7266374EE007C3B38 /* Info.plist */ = {isa = PBXFileReference; lastKnownFileType = text.plist.xml; path = Info.plist; sourceTree = "<group>"; };
		479537C8266374EE007C3B38 /* main.m */ = {isa = PBXFileReference; lastKnownFileType = sourcecode.c.objc; path = main.m; sourceTree = "<group>"; };
		73867EFEF6A891DA4033C4AE /* Pods-Buggy.release.xcconfig */ = {isa = PBXFileReference; includeInIndex = 1; lastKnownFileType = text.xcconfig; name = "Pods-Buggy.release.xcconfig"; path = "Target Support Files/Pods-Buggy/Pods-Buggy.release.xcconfig"; sourceTree = "<group>"; };
		965DDBEDC4075983AB6E8F7F /* Pods-Buggy.debug.xcconfig */ = {isa = PBXFileReference; includeInIndex = 1; lastKnownFileType = text.xcconfig; name = "Pods-Buggy.debug.xcconfig"; path = "Target Support Files/Pods-Buggy/Pods-Buggy.debug.xcconfig"; sourceTree = "<group>"; };
/* End PBXFileReference section */

/* Begin PBXFrameworksBuildPhase section */
		479537B0266374ED007C3B38 /* Frameworks */ = {
			isa = PBXFrameworksBuildPhase;
			buildActionMask = 2147483647;
			files = (
				6972D2D04E4D8EE6CE7A9DC2 /* Pods_Buggy.framework in Frameworks */,
			);
			runOnlyForDeploymentPostprocessing = 0;
		};
/* End PBXFrameworksBuildPhase section */

/* Begin PBXGroup section */
		479537AA266374ED007C3B38 = {
			isa = PBXGroup;
			children = (
				479537B5266374ED007C3B38 /* Buggy */,
				479537B4266374ED007C3B38 /* Products */,
				7C4B90AF61104FD2E0974EF3 /* Pods */,
				C3D66554962C312A30D4C24A /* Frameworks */,
			);
			sourceTree = "<group>";
		};
		479537B4266374ED007C3B38 /* Products */ = {
			isa = PBXGroup;
			children = (
				479537B3266374ED007C3B38 /* Buggy.app */,
			);
			name = Products;
			sourceTree = "<group>";
		};
		479537B5266374ED007C3B38 /* Buggy */ = {
			isa = PBXGroup;
			children = (
				479537B6266374ED007C3B38 /* AppDelegate.h */,
				479537B7266374ED007C3B38 /* AppDelegate.m */,
				479537B9266374ED007C3B38 /* SceneDelegate.h */,
				479537BA266374ED007C3B38 /* SceneDelegate.m */,
				479537BC266374ED007C3B38 /* ViewController.h */,
				479537BD266374ED007C3B38 /* ViewController.m */,
				479537BF266374ED007C3B38 /* Main.storyboard */,
				479537C2266374EE007C3B38 /* Assets.xcassets */,
				479537C4266374EE007C3B38 /* LaunchScreen.storyboard */,
				479537C7266374EE007C3B38 /* Info.plist */,
				479537C8266374EE007C3B38 /* main.m */,
			);
			path = Buggy;
			sourceTree = "<group>";
		};
		7C4B90AF61104FD2E0974EF3 /* Pods */ = {
			isa = PBXGroup;
			children = (
				965DDBEDC4075983AB6E8F7F /* Pods-Buggy.debug.xcconfig */,
				73867EFEF6A891DA4033C4AE /* Pods-Buggy.release.xcconfig */,
			);
			path = Pods;
			sourceTree = "<group>";
		};
		C3D66554962C312A30D4C24A /* Frameworks */ = {
			isa = PBXGroup;
			children = (
				3B4E6AEC9BDF4368E4CF0E90 /* Pods_Buggy.framework */,
			);
			name = Frameworks;
			sourceTree = "<group>";
		};
/* End PBXGroup section */

/* Begin PBXNativeTarget section */
		479537B2266374ED007C3B38 /* Buggy */ = {
			isa = PBXNativeTarget;
			buildConfigurationList = 479537CC266374EE007C3B38 /* Build configuration list for PBXNativeTarget "Buggy" */;
			buildPhases = (
				D01F0C78FE8A0C4ABF9C6029 /* [CP] Check Pods Manifest.lock */,
				479537AF266374ED007C3B38 /* Sources */,
				479537B0266374ED007C3B38 /* Frameworks */,
				479537B1266374ED007C3B38 /* Resources */,
				52271C8595B8D36C769C470A /* [CP] Embed Pods Frameworks */,
			);
			buildRules = (
			);
			dependencies = (
			);
			name = Buggy;
			productName = Buggy;
			productReference = 479537B3266374ED007C3B38 /* Buggy.app */;
			productType = "com.apple.product-type.application";
		};
/* End PBXNativeTarget section */

/* Begin PBXProject section */
		479537AB266374ED007C3B38 /* Project object */ = {
			isa = PBXProject;
			attributes = {
				LastUpgradeCheck = 1250;
				TargetAttributes = {
					479537B2266374ED007C3B38 = {
						CreatedOnToolsVersion = 12.5;
					};
				};
			};
			buildConfigurationList = 479537AE266374ED007C3B38 /* Build configuration list for PBXProject "Buggy" */;
			compatibilityVersion = "Xcode 9.3";
			developmentRegion = en;
			hasScannedForEncodings = 0;
			knownRegions = (
				en,
				Base,
			);
			mainGroup = 479537AA266374ED007C3B38;
			productRefGroup = 479537B4266374ED007C3B38 /* Products */;
			projectDirPath = "";
			projectRoot = "";
			targets = (
				479537B2266374ED007C3B38 /* Buggy */,
			);
		};
/* End PBXProject section */

/* Begin PBXResourcesBuildPhase section */
		479537B1266374ED007C3B38 /* Resources */ = {
			isa = PBXResourcesBuildPhase;
			buildActionMask = 2147483647;
			files = (
				479537C6266374EE007C3B38 /* LaunchScreen.storyboard in Resources */,
				479537C3266374EE007C3B38 /* Assets.xcassets in Resources */,
				479537C1266374ED007C3B38 /* Main.storyboard in Resources */,
			);
			runOnlyForDeploymentPostprocessing = 0;
		};
/* End PBXResourcesBuildPhase section */

/* Begin PBXShellScriptBuildPhase section */
		52271C8595B8D36C769C470A /* [CP] Embed Pods Frameworks */ = {
			isa = PBXShellScriptBuildPhase;
			buildActionMask = 2147483647;
			files = (
			);
			inputFileListPaths = (
				"${PODS_ROOT}/Target Support Files/Pods-Buggy/Pods-Buggy-frameworks-${CONFIGURATION}-input-files.xcfilelist",
			);
			name = "[CP] Embed Pods Frameworks";
			outputFileListPaths = (
				"${PODS_ROOT}/Target Support Files/Pods-Buggy/Pods-Buggy-frameworks-${CONFIGURATION}-output-files.xcfilelist",
			);
			runOnlyForDeploymentPostprocessing = 0;
			shellPath = /bin/sh;
			shellScript = "\"${PODS_ROOT}/Target Support Files/Pods-Buggy/Pods-Buggy-frameworks.sh\"\n";
			showEnvVarsInLog = 0;
		};
		D01F0C78FE8A0C4ABF9C6029 /* [CP] Check Pods Manifest.lock */ = {
			isa = PBXShellScriptBuildPhase;
			buildActionMask = 2147483647;
			files = (
			);
			inputFileListPaths = (
			);
			inputPaths = (
				"${PODS_PODFILE_DIR_PATH}/Podfile.lock",
				"${PODS_ROOT}/Manifest.lock",
			);
			name = "[CP] Check Pods Manifest.lock";
			outputFileListPaths = (
			);
			outputPaths = (
				"$(DERIVED_FILE_DIR)/Pods-Buggy-checkManifestLockResult.txt",
			);
			runOnlyForDeploymentPostprocessing = 0;
			shellPath = /bin/sh;
			shellScript = "diff \"${PODS_PODFILE_DIR_PATH}/Podfile.lock\" \"${PODS_ROOT}/Manifest.lock\" > /dev/null\nif [ $? != 0 ] ; then\n    # print error to STDERR\n    echo \"error: The sandbox is not in sync with the Podfile.lock. Run 'pod install' or update your CocoaPods installation.\" >&2\n    exit 1\nfi\n# This output is used by Xcode 'outputs' to avoid re-running this script phase.\necho \"SUCCESS\" > \"${SCRIPT_OUTPUT_FILE_0}\"\n";
			showEnvVarsInLog = 0;
		};
/* End PBXShellScriptBuildPhase section */

/* Begin PBXSourcesBuildPhase section */
		479537AF266374ED007C3B38 /* Sources */ = {
			isa = PBXSourcesBuildPhase;
			buildActionMask = 2147483647;
			files = (
				479537BE266374ED007C3B38 /* ViewController.m in Sources */,
				479537B8266374ED007C3B38 /* AppDelegate.m in Sources */,
				479537C9266374EE007C3B38 /* main.m in Sources */,
				479537BB266374ED007C3B38 /* SceneDelegate.m in Sources */,
			);
			runOnlyForDeploymentPostprocessing = 0;
		};
/* End PBXSourcesBuildPhase section */

/* Begin PBXVariantGroup section */
		479537BF266374ED007C3B38 /* Main.storyboard */ = {
			isa = PBXVariantGroup;
			children = (
				479537C0266374ED007C3B38 /* Base */,
			);
			name = Main.storyboard;
			sourceTree = "<group>";
		};
		479537C4266374EE007C3B38 /* LaunchScreen.storyboard */ = {
			isa = PBXVariantGroup;
			children = (
				479537C5266374EE007C3B38 /* Base */,
			);
			name = LaunchScreen.storyboard;
			sourceTree = "<group>";
		};
/* End PBXVariantGroup section */

/* Begin XCBuildConfiguration section */
		479537CA266374EE007C3B38 /* Debug */ = {
			isa = XCBuildConfiguration;
			buildSettings = {
				ALWAYS_SEARCH_USER_PATHS = NO;
				CLANG_ANALYZER_NONNULL = YES;
				CLANG_ANALYZER_NUMBER_OBJECT_CONVERSION = YES_AGGRESSIVE;
				CLANG_CXX_LANGUAGE_STANDARD = "gnu++14";
				CLANG_CXX_LIBRARY = "libc++";
				CLANG_ENABLE_MODULES = YES;
				CLANG_ENABLE_OBJC_ARC = YES;
				CLANG_ENABLE_OBJC_WEAK = YES;
				CLANG_WARN_BLOCK_CAPTURE_AUTORELEASING = YES;
				CLANG_WARN_BOOL_CONVERSION = YES;
				CLANG_WARN_COMMA = YES;
				CLANG_WARN_CONSTANT_CONVERSION = YES;
				CLANG_WARN_DEPRECATED_OBJC_IMPLEMENTATIONS = YES;
				CLANG_WARN_DIRECT_OBJC_ISA_USAGE = YES_ERROR;
				CLANG_WARN_DOCUMENTATION_COMMENTS = YES;
				CLANG_WARN_EMPTY_BODY = YES;
				CLANG_WARN_ENUM_CONVERSION = YES;
				CLANG_WARN_INFINITE_RECURSION = YES;
				CLANG_WARN_INT_CONVERSION = YES;
				CLANG_WARN_NON_LITERAL_NULL_CONVERSION = YES;
				CLANG_WARN_OBJC_IMPLICIT_RETAIN_SELF = YES;
				CLANG_WARN_OBJC_LITERAL_CONVERSION = YES;
				CLANG_WARN_OBJC_ROOT_CLASS = YES_ERROR;
				CLANG_WARN_QUOTED_INCLUDE_IN_FRAMEWORK_HEADER = YES;
				CLANG_WARN_RANGE_LOOP_ANALYSIS = YES;
				CLANG_WARN_STRICT_PROTOTYPES = YES;
				CLANG_WARN_SUSPICIOUS_MOVE = YES;
				CLANG_WARN_UNGUARDED_AVAILABILITY = YES_AGGRESSIVE;
				CLANG_WARN_UNREACHABLE_CODE = YES;
				CLANG_WARN__DUPLICATE_METHOD_MATCH = YES;
				COPY_PHASE_STRIP = NO;
				DEBUG_INFORMATION_FORMAT = dwarf;
				ENABLE_STRICT_OBJC_MSGSEND = YES;
				ENABLE_TESTABILITY = YES;
				GCC_C_LANGUAGE_STANDARD = gnu11;
				GCC_DYNAMIC_NO_PIC = NO;
				GCC_NO_COMMON_BLOCKS = YES;
				GCC_OPTIMIZATION_LEVEL = 0;
				GCC_PREPROCESSOR_DEFINITIONS = (
					"DEBUG=1",
					"$(inherited)",
				);
				GCC_WARN_64_TO_32_BIT_CONVERSION = YES;
				GCC_WARN_ABOUT_RETURN_TYPE = YES_ERROR;
				GCC_WARN_UNDECLARED_SELECTOR = YES;
				GCC_WARN_UNINITIALIZED_AUTOS = YES_AGGRESSIVE;
				GCC_WARN_UNUSED_FUNCTION = YES;
				GCC_WARN_UNUSED_VARIABLE = YES;
				IPHONEOS_DEPLOYMENT_TARGET = 9.0;
				MTL_ENABLE_DEBUG_INFO = INCLUDE_SOURCE;
				MTL_FAST_MATH = YES;
				ONLY_ACTIVE_ARCH = YES;
				SDKROOT = iphoneos;
			};
			name = Debug;
		};
		479537CB266374EE007C3B38 /* Release */ = {
			isa = XCBuildConfiguration;
			buildSettings = {
				ALWAYS_SEARCH_USER_PATHS = NO;
				CLANG_ANALYZER_NONNULL = YES;
				CLANG_ANALYZER_NUMBER_OBJECT_CONVERSION = YES_AGGRESSIVE;
				CLANG_CXX_LANGUAGE_STANDARD = "gnu++14";
				CLANG_CXX_LIBRARY = "libc++";
				CLANG_ENABLE_MODULES = YES;
				CLANG_ENABLE_OBJC_ARC = YES;
				CLANG_ENABLE_OBJC_WEAK = YES;
				CLANG_WARN_BLOCK_CAPTURE_AUTORELEASING = YES;
				CLANG_WARN_BOOL_CONVERSION = YES;
				CLANG_WARN_COMMA = YES;
				CLANG_WARN_CONSTANT_CONVERSION = YES;
				CLANG_WARN_DEPRECATED_OBJC_IMPLEMENTATIONS = YES;
				CLANG_WARN_DIRECT_OBJC_ISA_USAGE = YES_ERROR;
				CLANG_WARN_DOCUMENTATION_COMMENTS = YES;
				CLANG_WARN_EMPTY_BODY = YES;
				CLANG_WARN_ENUM_CONVERSION = YES;
				CLANG_WARN_INFINITE_RECURSION = YES;
				CLANG_WARN_INT_CONVERSION = YES;
				CLANG_WARN_NON_LITERAL_NULL_CONVERSION = YES;
				CLANG_WARN_OBJC_IMPLICIT_RETAIN_SELF = YES;
				CLANG_WARN_OBJC_LITERAL_CONVERSION = YES;
				CLANG_WARN_OBJC_ROOT_CLASS = YES_ERROR;
				CLANG_WARN_QUOTED_INCLUDE_IN_FRAMEWORK_HEADER = YES;
				CLANG_WARN_RANGE_LOOP_ANALYSIS = YES;
				CLANG_WARN_STRICT_PROTOTYPES = YES;
				CLANG_WARN_SUSPICIOUS_MOVE = YES;
				CLANG_WARN_UNGUARDED_AVAILABILITY = YES_AGGRESSIVE;
				CLANG_WARN_UNREACHABLE_CODE = YES;
				CLANG_WARN__DUPLICATE_METHOD_MATCH = YES;
				COPY_PHASE_STRIP = NO;
				DEBUG_INFORMATION_FORMAT = "dwarf-with-dsym";
				ENABLE_NS_ASSERTIONS = NO;
				ENABLE_STRICT_OBJC_MSGSEND = YES;
				GCC_C_LANGUAGE_STANDARD = gnu11;
				GCC_NO_COMMON_BLOCKS = YES;
				GCC_WARN_64_TO_32_BIT_CONVERSION = YES;
				GCC_WARN_ABOUT_RETURN_TYPE = YES_ERROR;
				GCC_WARN_UNDECLARED_SELECTOR = YES;
				GCC_WARN_UNINITIALIZED_AUTOS = YES_AGGRESSIVE;
				GCC_WARN_UNUSED_FUNCTION = YES;
				GCC_WARN_UNUSED_VARIABLE = YES;
				IPHONEOS_DEPLOYMENT_TARGET = 9.0;
				MTL_ENABLE_DEBUG_INFO = NO;
				MTL_FAST_MATH = YES;
				SDKROOT = iphoneos;
				VALIDATE_PRODUCT = YES;
			};
			name = Release;
		};
		479537CD266374EE007C3B38 /* Debug */ = {
			isa = XCBuildConfiguration;
			baseConfigurationReference = 965DDBEDC4075983AB6E8F7F /* Pods-Buggy.debug.xcconfig */;
			buildSettings = {
				ASSETCATALOG_COMPILER_APPICON_NAME = AppIcon;
				ASSETCATALOG_COMPILER_GLOBAL_ACCENT_COLOR_NAME = AccentColor;
				CODE_SIGN_STYLE = Automatic;
				DEVELOPMENT_TEAM = 746LG3Z3FF;
				INFOPLIST_FILE = Buggy/Info.plist;
				LD_RUNPATH_SEARCH_PATHS = (
					"$(inherited)",
					"@executable_path/Frameworks",
				);
				PRODUCT_BUNDLE_IDENTIFIER = chenhua.Buggy;
				PRODUCT_NAME = "$(TARGET_NAME)";
				TARGETED_DEVICE_FAMILY = "1,2";
			};
			name = Debug;
		};
		479537CE266374EE007C3B38 /* Release */ = {
			isa = XCBuildConfiguration;
			baseConfigurationReference = 73867EFEF6A891DA4033C4AE /* Pods-Buggy.release.xcconfig */;
			buildSettings = {
				ASSETCATALOG_COMPILER_APPICON_NAME = AppIcon;
				ASSETCATALOG_COMPILER_GLOBAL_ACCENT_COLOR_NAME = AccentColor;
				CODE_SIGN_STYLE = Automatic;
				DEVELOPMENT_TEAM = 746LG3Z3FF;
				INFOPLIST_FILE = Buggy/Info.plist;
				LD_RUNPATH_SEARCH_PATHS = (
					"$(inherited)",
					"@executable_path/Frameworks",
				);
				PRODUCT_BUNDLE_IDENTIFIER = chenhua.Buggy;
				PRODUCT_NAME = "$(TARGET_NAME)";
				TARGETED_DEVICE_FAMILY = "1,2";
			};
			name = Release;
		};
/* End XCBuildConfiguration section */

/* Begin XCConfigurationList section */
		479537AE266374ED007C3B38 /* Build configuration list for PBXProject "Buggy" */ = {
			isa = XCConfigurationList;
			buildConfigurations = (
				479537CA266374EE007C3B38 /* Debug */,
				479537CB266374EE007C3B38 /* Release */,
			);
			defaultConfigurationIsVisible = 0;
			defaultConfigurationName = Release;
		};
		479537CC266374EE007C3B38 /* Build configuration list for PBXNativeTarget "Buggy" */ = {
			isa = XCConfigurationList;
			buildConfigurations = (
				479537CD266374EE007C3B38 /* Debug */,
				479537CE266374EE007C3B38 /* Release */,
			);
			defaultConfigurationIsVisible = 0;
			defaultConfigurationName = Release;
		};
/* End XCConfigurationList section */
	};
	rootObject = 479537AB266374ED007C3B38 /* Project object */;
}
